PODS:
  - CSFoundation (0.0.3)
  - DJSDK (7.0.15)

DEPENDENCIES:
  - CSFoundation (~> 0.0.3)
  - DJSDK (~> 7.0.15)

SPEC REPOS:
  https://github.com/cocoapods/specs.git:
    - CSFoundation
    - DJSDK

SPEC CHECKSUMS:
  CSFoundation: f3d07b1855544f78f8231e323bcfc425f275ec04
  DJSDK: a4bb0c7df157c56656ab42281e129d5e6d643099

PODFILE CHECKSUM: 50f7ebb0d171e38df7326618a452ad237684ab9f

COCOAPODS: 1.7.5
